Microsoft Visual Studio Solution File, Format Version 12.00
# Visual Studio 2013
Project("{8BC9CEB8-8B4A-11D0-8D11-00A0C91BC942}") = "ALL_BUILD", "ALL_BUILD.vcxproj", "{7EA1D2E4-2FFC-4D81-AFF9-094C275F3144}"
	ProjectSection(ProjectDependencies) = postProject
		{10271748-23FE-4F7A-8F95-332DF6846C64} = {10271748-23FE-4F7A-8F95-332DF6846C64}
		{62E08023-806F-4F85-BF77-C97510ACFD3B} = {62E08023-806F-4F85-BF77-C97510ACFD3B}
		{D0222731-CBA5-48C0-8EE5-4CBB124B6D5A} = {D0222731-CBA5-48C0-8EE5-4CBB124B6D5A}
		{5AE3F9CB-A47F-4E06-A000-8C7FD22D3C94} = {5AE3F9CB-A47F-4E06-A000-8C7FD22D3C94}
		{46943B30-408A-41E3-A83A-6DFEBAEDAD51} = {46943B30-408A-41E3-A83A-6DFEBAEDAD51}
		{7A0DFDD6-AFBA-4DE4-922E-6E78173189F6} = {7A0DFDD6-AFBA-4DE4-922E-6E78173189F6}
		{AF3E6B92-9DEA-496F-BFFB-D9D93D8C5E48} = {AF3E6B92-9DEA-496F-BFFB-D9D93D8C5E48}
		{721AB3D5-36B9-4DB9-A543-754A3F8F0138} = {721AB3D5-36B9-4DB9-A543-754A3F8F0138}
		{4D8ACA0B-35B9-409C-B626-3C1DF4B68ADC} = {4D8ACA0B-35B9-409C-B626-3C1DF4B68ADC}
		{B9700585-F39A-42AB-8E5F-246ED2A72BFC} = {B9700585-F39A-42AB-8E5F-246ED2A72BFC}
		{A9FAA28A-0DE5-4133-A704-19B9B73968B3} = {A9FAA28A-0DE5-4133-A704-19B9B73968B3}
		{2AB934E4-8F3B-4ACB-B764-AD1C19828B0E} = {2AB934E4-8F3B-4ACB-B764-AD1C19828B0E}
		{258B7C31-D623-4782-A779-90C7E0D8EC23} = {258B7C31-D623-4782-A779-90C7E0D8EC23}
		{A2A212BB-2671-45B2-96EB-380C5A9681C6} = {A2A212BB-2671-45B2-96EB-380C5A9681C6}
	EndProjectSection
EndProject
Project("{8BC9CEB8-8B4A-11D0-8D11-00A0C91BC942}") = "GPUQREngine", "GPUQREngine\GPUQREngine.vcxproj", "{10271748-23FE-4F7A-8F95-332DF6846C64}"
	ProjectSection(ProjectDependencies) = postProject
		{CC269B95-2F01-4039-9924-4EC5E937DE81} = {CC269B95-2F01-4039-9924-4EC5E937DE81}
	EndProjectSection
EndProject
Project("{8BC9CEB8-8B4A-11D0-8D11-00A0C91BC942}") = "INSTALL", "INSTALL.vcxproj", "{3FC76857-37DA-475F-9721-9B6FB6347D03}"
	ProjectSection(ProjectDependencies) = postProject
		{7EA1D2E4-2FFC-4D81-AFF9-094C275F3144} = {7EA1D2E4-2FFC-4D81-AFF9-094C275F3144}
	EndProjectSection
EndProject
Project("{8BC9CEB8-8B4A-11D0-8D11-00A0C91BC942}") = "SuiteSparse_GPURuntime", "SuiteSparse_GPURuntime\SuiteSparse_GPURuntime.vcxproj", "{62E08023-806F-4F85-BF77-C97510ACFD3B}"
	ProjectSection(ProjectDependencies) = postProject
		{CC269B95-2F01-4039-9924-4EC5E937DE81} = {CC269B95-2F01-4039-9924-4EC5E937DE81}
	EndProjectSection
EndProject
Project("{8BC9CEB8-8B4A-11D0-8D11-00A0C91BC942}") = "ZERO_CHECK", "..\\ZERO_CHECK.vcxproj", "{CC269B95-2F01-4039-9924-4EC5E937DE81}"
	ProjectSection(ProjectDependencies) = postProject
	EndProjectSection
EndProject
Project("{8BC9CEB8-8B4A-11D0-8D11-00A0C91BC942}") = "amd", "AMD\amd.vcxproj", "{D0222731-CBA5-48C0-8EE5-4CBB124B6D5A}"
	ProjectSection(ProjectDependencies) = postProject
		{CC269B95-2F01-4039-9924-4EC5E937DE81} = {CC269B95-2F01-4039-9924-4EC5E937DE81}
		{258B7C31-D623-4782-A779-90C7E0D8EC23} = {258B7C31-D623-4782-A779-90C7E0D8EC23}
	EndProjectSection
EndProject
Project("{8BC9CEB8-8B4A-11D0-8D11-00A0C91BC942}") = "btf", "BTF\btf.vcxproj", "{5AE3F9CB-A47F-4E06-A000-8C7FD22D3C94}"
	ProjectSection(ProjectDependencies) = postProject
		{CC269B95-2F01-4039-9924-4EC5E937DE81} = {CC269B95-2F01-4039-9924-4EC5E937DE81}
		{258B7C31-D623-4782-A779-90C7E0D8EC23} = {258B7C31-D623-4782-A779-90C7E0D8EC23}
	EndProjectSection
EndProject
Project("{8BC9CEB8-8B4A-11D0-8D11-00A0C91BC942}") = "camd", "CAMD\camd.vcxproj", "{46943B30-408A-41E3-A83A-6DFEBAEDAD51}"
	ProjectSection(ProjectDependencies) = postProject
		{CC269B95-2F01-4039-9924-4EC5E937DE81} = {CC269B95-2F01-4039-9924-4EC5E937DE81}
		{258B7C31-D623-4782-A779-90C7E0D8EC23} = {258B7C31-D623-4782-A779-90C7E0D8EC23}
	EndProjectSection
EndProject
Project("{8BC9CEB8-8B4A-11D0-8D11-00A0C91BC942}") = "ccolamd", "CCOLAMD\ccolamd.vcxproj", "{7A0DFDD6-AFBA-4DE4-922E-6E78173189F6}"
	ProjectSection(ProjectDependencies) = postProject
		{CC269B95-2F01-4039-9924-4EC5E937DE81} = {CC269B95-2F01-4039-9924-4EC5E937DE81}
		{258B7C31-D623-4782-A779-90C7E0D8EC23} = {258B7C31-D623-4782-A779-90C7E0D8EC23}
	EndProjectSection
EndProject
Project("{8BC9CEB8-8B4A-11D0-8D11-00A0C91BC942}") = "cholmod", "CHOLMOD\cholmod.vcxproj", "{AF3E6B92-9DEA-496F-BFFB-D9D93D8C5E48}"
	ProjectSection(ProjectDependencies) = postProject
		{CC269B95-2F01-4039-9924-4EC5E937DE81} = {CC269B95-2F01-4039-9924-4EC5E937DE81}
		{D0222731-CBA5-48C0-8EE5-4CBB124B6D5A} = {D0222731-CBA5-48C0-8EE5-4CBB124B6D5A}
		{46943B30-408A-41E3-A83A-6DFEBAEDAD51} = {46943B30-408A-41E3-A83A-6DFEBAEDAD51}
		{7A0DFDD6-AFBA-4DE4-922E-6E78173189F6} = {7A0DFDD6-AFBA-4DE4-922E-6E78173189F6}
		{721AB3D5-36B9-4DB9-A543-754A3F8F0138} = {721AB3D5-36B9-4DB9-A543-754A3F8F0138}
		{9B3F1AFB-2A80-4127-830B-CC8EB8E1CB27} = {9B3F1AFB-2A80-4127-830B-CC8EB8E1CB27}
		{258B7C31-D623-4782-A779-90C7E0D8EC23} = {258B7C31-D623-4782-A779-90C7E0D8EC23}
	EndProjectSection
EndProject
Project("{8BC9CEB8-8B4A-11D0-8D11-00A0C91BC942}") = "colamd", "COLAMD\colamd.vcxproj", "{721AB3D5-36B9-4DB9-A543-754A3F8F0138}"
	ProjectSection(ProjectDependencies) = postProject
		{CC269B95-2F01-4039-9924-4EC5E937DE81} = {CC269B95-2F01-4039-9924-4EC5E937DE81}
		{258B7C31-D623-4782-A779-90C7E0D8EC23} = {258B7C31-D623-4782-A779-90C7E0D8EC23}
	EndProjectSection
EndProject
Project("{8BC9CEB8-8B4A-11D0-8D11-00A0C91BC942}") = "cxsparse", "CXSparse\cxsparse.vcxproj", "{4D8ACA0B-35B9-409C-B626-3C1DF4B68ADC}"
	ProjectSection(ProjectDependencies) = postProject
		{CC269B95-2F01-4039-9924-4EC5E937DE81} = {CC269B95-2F01-4039-9924-4EC5E937DE81}
		{258B7C31-D623-4782-A779-90C7E0D8EC23} = {258B7C31-D623-4782-A779-90C7E0D8EC23}
	EndProjectSection
EndProject
Project("{8BC9CEB8-8B4A-11D0-8D11-00A0C91BC942}") = "klu", "KLU\klu.vcxproj", "{B9700585-F39A-42AB-8E5F-246ED2A72BFC}"
	ProjectSection(ProjectDependencies) = postProject
		{CC269B95-2F01-4039-9924-4EC5E937DE81} = {CC269B95-2F01-4039-9924-4EC5E937DE81}
		{D0222731-CBA5-48C0-8EE5-4CBB124B6D5A} = {D0222731-CBA5-48C0-8EE5-4CBB124B6D5A}
		{5AE3F9CB-A47F-4E06-A000-8C7FD22D3C94} = {5AE3F9CB-A47F-4E06-A000-8C7FD22D3C94}
		{721AB3D5-36B9-4DB9-A543-754A3F8F0138} = {721AB3D5-36B9-4DB9-A543-754A3F8F0138}
		{258B7C31-D623-4782-A779-90C7E0D8EC23} = {258B7C31-D623-4782-A779-90C7E0D8EC23}
	EndProjectSection
EndProject
Project("{8BC9CEB8-8B4A-11D0-8D11-00A0C91BC942}") = "ldl", "LDL\ldl.vcxproj", "{A9FAA28A-0DE5-4133-A704-19B9B73968B3}"
	ProjectSection(ProjectDependencies) = postProject
		{CC269B95-2F01-4039-9924-4EC5E937DE81} = {CC269B95-2F01-4039-9924-4EC5E937DE81}
		{258B7C31-D623-4782-A779-90C7E0D8EC23} = {258B7C31-D623-4782-A779-90C7E0D8EC23}
	EndProjectSection
EndProject
Project("{8BC9CEB8-8B4A-11D0-8D11-00A0C91BC942}") = "metis", "..\metis\libmetis\metis.vcxproj", "{9B3F1AFB-2A80-4127-830B-CC8EB8E1CB27}"
	ProjectSection(ProjectDependencies) = postProject
		{CC269B95-2F01-4039-9924-4EC5E937DE81} = {CC269B95-2F01-4039-9924-4EC5E937DE81}
	EndProjectSection
EndProject
Project("{8BC9CEB8-8B4A-11D0-8D11-00A0C91BC942}") = "spqr", "SPQR\spqr.vcxproj", "{2AB934E4-8F3B-4ACB-B764-AD1C19828B0E}"
	ProjectSection(ProjectDependencies) = postProject
		{CC269B95-2F01-4039-9924-4EC5E937DE81} = {CC269B95-2F01-4039-9924-4EC5E937DE81}
		{D0222731-CBA5-48C0-8EE5-4CBB124B6D5A} = {D0222731-CBA5-48C0-8EE5-4CBB124B6D5A}
		{46943B30-408A-41E3-A83A-6DFEBAEDAD51} = {46943B30-408A-41E3-A83A-6DFEBAEDAD51}
		{7A0DFDD6-AFBA-4DE4-922E-6E78173189F6} = {7A0DFDD6-AFBA-4DE4-922E-6E78173189F6}
		{AF3E6B92-9DEA-496F-BFFB-D9D93D8C5E48} = {AF3E6B92-9DEA-496F-BFFB-D9D93D8C5E48}
		{721AB3D5-36B9-4DB9-A543-754A3F8F0138} = {721AB3D5-36B9-4DB9-A543-754A3F8F0138}
		{9B3F1AFB-2A80-4127-830B-CC8EB8E1CB27} = {9B3F1AFB-2A80-4127-830B-CC8EB8E1CB27}
		{258B7C31-D623-4782-A779-90C7E0D8EC23} = {258B7C31-D623-4782-A779-90C7E0D8EC23}
	EndProjectSection
EndProject
Project("{8BC9CEB8-8B4A-11D0-8D11-00A0C91BC942}") = "suitesparseconfig", "SuiteSparse_config\suitesparseconfig.vcxproj", "{258B7C31-D623-4782-A779-90C7E0D8EC23}"
	ProjectSection(ProjectDependencies) = postProject
		{CC269B95-2F01-4039-9924-4EC5E937DE81} = {CC269B95-2F01-4039-9924-4EC5E937DE81}
	EndProjectSection
EndProject
Project("{8BC9CEB8-8B4A-11D0-8D11-00A0C91BC942}") = "umfpack", "UMFPACK\umfpack.vcxproj", "{A2A212BB-2671-45B2-96EB-380C5A9681C6}"
	ProjectSection(ProjectDependencies) = postProject
		{CC269B95-2F01-4039-9924-4EC5E937DE81} = {CC269B95-2F01-4039-9924-4EC5E937DE81}
		{D0222731-CBA5-48C0-8EE5-4CBB124B6D5A} = {D0222731-CBA5-48C0-8EE5-4CBB124B6D5A}
		{46943B30-408A-41E3-A83A-6DFEBAEDAD51} = {46943B30-408A-41E3-A83A-6DFEBAEDAD51}
		{7A0DFDD6-AFBA-4DE4-922E-6E78173189F6} = {7A0DFDD6-AFBA-4DE4-922E-6E78173189F6}
		{AF3E6B92-9DEA-496F-BFFB-D9D93D8C5E48} = {AF3E6B92-9DEA-496F-BFFB-D9D93D8C5E48}
		{721AB3D5-36B9-4DB9-A543-754A3F8F0138} = {721AB3D5-36B9-4DB9-A543-754A3F8F0138}
		{9B3F1AFB-2A80-4127-830B-CC8EB8E1CB27} = {9B3F1AFB-2A80-4127-830B-CC8EB8E1CB27}
		{258B7C31-D623-4782-A779-90C7E0D8EC23} = {258B7C31-D623-4782-A779-90C7E0D8EC23}
	EndProjectSection
EndProject
Global
	GlobalSection(SolutionConfigurationPlatforms) = preSolution
		Debug|x64 = Debug|x64
		Release|x64 = Release|x64
		MinSizeRel|x64 = MinSizeRel|x64
		RelWithDebInfo|x64 = RelWithDebInfo|x64
	EndGlobalSection
	GlobalSection(ProjectConfigurationPlatforms) = postSolution
		{7EA1D2E4-2FFC-4D81-AFF9-094C275F3144}.Debug|x64.ActiveCfg = Debug|x64
		{7EA1D2E4-2FFC-4D81-AFF9-094C275F3144}.Debug|x64.Build.0 = Debug|x64
		{7EA1D2E4-2FFC-4D81-AFF9-094C275F3144}.Release|x64.ActiveCfg = Release|x64
		{7EA1D2E4-2FFC-4D81-AFF9-094C275F3144}.Release|x64.Build.0 = Release|x64
		{7EA1D2E4-2FFC-4D81-AFF9-094C275F3144}.MinSizeRel|x64.ActiveCfg = MinSizeRel|x64
		{7EA1D2E4-2FFC-4D81-AFF9-094C275F3144}.MinSizeRel|x64.Build.0 = MinSizeRel|x64
		{7EA1D2E4-2FFC-4D81-AFF9-094C275F3144}.RelWithDebInfo|x64.ActiveCfg = RelWithDebInfo|x64
		{7EA1D2E4-2FFC-4D81-AFF9-094C275F3144}.RelWithDebInfo|x64.Build.0 = RelWithDebInfo|x64
		{10271748-23FE-4F7A-8F95-332DF6846C64}.Debug|x64.ActiveCfg = Debug|x64
		{10271748-23FE-4F7A-8F95-332DF6846C64}.Debug|x64.Build.0 = Debug|x64
		{10271748-23FE-4F7A-8F95-332DF6846C64}.Release|x64.ActiveCfg = Release|x64
		{10271748-23FE-4F7A-8F95-332DF6846C64}.Release|x64.Build.0 = Release|x64
		{10271748-23FE-4F7A-8F95-332DF6846C64}.MinSizeRel|x64.ActiveCfg = MinSizeRel|x64
		{10271748-23FE-4F7A-8F95-332DF6846C64}.MinSizeRel|x64.Build.0 = MinSizeRel|x64
		{10271748-23FE-4F7A-8F95-332DF6846C64}.RelWithDebInfo|x64.ActiveCfg = RelWithDebInfo|x64
		{10271748-23FE-4F7A-8F95-332DF6846C64}.RelWithDebInfo|x64.Build.0 = RelWithDebInfo|x64
		{3FC76857-37DA-475F-9721-9B6FB6347D03}.Debug|x64.ActiveCfg = Debug|x64
		{3FC76857-37DA-475F-9721-9B6FB6347D03}.Release|x64.ActiveCfg = Release|x64
		{3FC76857-37DA-475F-9721-9B6FB6347D03}.MinSizeRel|x64.ActiveCfg = MinSizeRel|x64
		{3FC76857-37DA-475F-9721-9B6FB6347D03}.RelWithDebInfo|x64.ActiveCfg = RelWithDebInfo|x64
		{62E08023-806F-4F85-BF77-C97510ACFD3B}.Debug|x64.ActiveCfg = Debug|x64
		{62E08023-806F-4F85-BF77-C97510ACFD3B}.Debug|x64.Build.0 = Debug|x64
		{62E08023-806F-4F85-BF77-C97510ACFD3B}.Release|x64.ActiveCfg = Release|x64
		{62E08023-806F-4F85-BF77-C97510ACFD3B}.Release|x64.Build.0 = Release|x64
		{62E08023-806F-4F85-BF77-C97510ACFD3B}.MinSizeRel|x64.ActiveCfg = MinSizeRel|x64
		{62E08023-806F-4F85-BF77-C97510ACFD3B}.MinSizeRel|x64.Build.0 = MinSizeRel|x64
		{62E08023-806F-4F85-BF77-C97510ACFD3B}.RelWithDebInfo|x64.ActiveCfg = RelWithDebInfo|x64
		{62E08023-806F-4F85-BF77-C97510ACFD3B}.RelWithDebInfo|x64.Build.0 = RelWithDebInfo|x64
		{CC269B95-2F01-4039-9924-4EC5E937DE81}.Debug|x64.ActiveCfg = Debug|x64
		{CC269B95-2F01-4039-9924-4EC5E937DE81}.Debug|x64.Build.0 = Debug|x64
		{CC269B95-2F01-4039-9924-4EC5E937DE81}.Release|x64.ActiveCfg = Release|x64
		{CC269B95-2F01-4039-9924-4EC5E937DE81}.Release|x64.Build.0 = Release|x64
		{CC269B95-2F01-4039-9924-4EC5E937DE81}.MinSizeRel|x64.ActiveCfg = MinSizeRel|x64
		{CC269B95-2F01-4039-9924-4EC5E937DE81}.MinSizeRel|x64.Build.0 = MinSizeRel|x64
		{CC269B95-2F01-4039-9924-4EC5E937DE81}.RelWithDebInfo|x64.ActiveCfg = RelWithDebInfo|x64
		{CC269B95-2F01-4039-9924-4EC5E937DE81}.RelWithDebInfo|x64.Build.0 = RelWithDebInfo|x64
		{D0222731-CBA5-48C0-8EE5-4CBB124B6D5A}.Debug|x64.ActiveCfg = Debug|x64
		{D0222731-CBA5-48C0-8EE5-4CBB124B6D5A}.Debug|x64.Build.0 = Debug|x64
		{D0222731-CBA5-48C0-8EE5-4CBB124B6D5A}.Release|x64.ActiveCfg = Release|x64
		{D0222731-CBA5-48C0-8EE5-4CBB124B6D5A}.Release|x64.Build.0 = Release|x64
		{D0222731-CBA5-48C0-8EE5-4CBB124B6D5A}.MinSizeRel|x64.ActiveCfg = MinSizeRel|x64
		{D0222731-CBA5-48C0-8EE5-4CBB124B6D5A}.MinSizeRel|x64.Build.0 = MinSizeRel|x64
		{D0222731-CBA5-48C0-8EE5-4CBB124B6D5A}.RelWithDebInfo|x64.ActiveCfg = RelWithDebInfo|x64
		{D0222731-CBA5-48C0-8EE5-4CBB124B6D5A}.RelWithDebInfo|x64.Build.0 = RelWithDebInfo|x64
		{5AE3F9CB-A47F-4E06-A000-8C7FD22D3C94}.Debug|x64.ActiveCfg = Debug|x64
		{5AE3F9CB-A47F-4E06-A000-8C7FD22D3C94}.Debug|x64.Build.0 = Debug|x64
		{5AE3F9CB-A47F-4E06-A000-8C7FD22D3C94}.Release|x64.ActiveCfg = Release|x64
		{5AE3F9CB-A47F-4E06-A000-8C7FD22D3C94}.Release|x64.Build.0 = Release|x64
		{5AE3F9CB-A47F-4E06-A000-8C7FD22D3C94}.MinSizeRel|x64.ActiveCfg = MinSizeRel|x64
		{5AE3F9CB-A47F-4E06-A000-8C7FD22D3C94}.MinSizeRel|x64.Build.0 = MinSizeRel|x64
		{5AE3F9CB-A47F-4E06-A000-8C7FD22D3C94}.RelWithDebInfo|x64.ActiveCfg = RelWithDebInfo|x64
		{5AE3F9CB-A47F-4E06-A000-8C7FD22D3C94}.RelWithDebInfo|x64.Build.0 = RelWithDebInfo|x64
		{46943B30-408A-41E3-A83A-6DFEBAEDAD51}.Debug|x64.ActiveCfg = Debug|x64
		{46943B30-408A-41E3-A83A-6DFEBAEDAD51}.Debug|x64.Build.0 = Debug|x64
		{46943B30-408A-41E3-A83A-6DFEBAEDAD51}.Release|x64.ActiveCfg = Release|x64
		{46943B30-408A-41E3-A83A-6DFEBAEDAD51}.Release|x64.Build.0 = Release|x64
		{46943B30-408A-41E3-A83A-6DFEBAEDAD51}.MinSizeRel|x64.ActiveCfg = MinSizeRel|x64
		{46943B30-408A-41E3-A83A-6DFEBAEDAD51}.MinSizeRel|x64.Build.0 = MinSizeRel|x64
		{46943B30-408A-41E3-A83A-6DFEBAEDAD51}.RelWithDebInfo|x64.ActiveCfg = RelWithDebInfo|x64
		{46943B30-408A-41E3-A83A-6DFEBAEDAD51}.RelWithDebInfo|x64.Build.0 = RelWithDebInfo|x64
		{7A0DFDD6-AFBA-4DE4-922E-6E78173189F6}.Debug|x64.ActiveCfg = Debug|x64
		{7A0DFDD6-AFBA-4DE4-922E-6E78173189F6}.Debug|x64.Build.0 = Debug|x64
		{7A0DFDD6-AFBA-4DE4-922E-6E78173189F6}.Release|x64.ActiveCfg = Release|x64
		{7A0DFDD6-AFBA-4DE4-922E-6E78173189F6}.Release|x64.Build.0 = Release|x64
		{7A0DFDD6-AFBA-4DE4-922E-6E78173189F6}.MinSizeRel|x64.ActiveCfg = MinSizeRel|x64
		{7A0DFDD6-AFBA-4DE4-922E-6E78173189F6}.MinSizeRel|x64.Build.0 = MinSizeRel|x64
		{7A0DFDD6-AFBA-4DE4-922E-6E78173189F6}.RelWithDebInfo|x64.ActiveCfg = RelWithDebInfo|x64
		{7A0DFDD6-AFBA-4DE4-922E-6E78173189F6}.RelWithDebInfo|x64.Build.0 = RelWithDebInfo|x64
		{AF3E6B92-9DEA-496F-BFFB-D9D93D8C5E48}.Debug|x64.ActiveCfg = Debug|x64
		{AF3E6B92-9DEA-496F-BFFB-D9D93D8C5E48}.Debug|x64.Build.0 = Debug|x64
		{AF3E6B92-9DEA-496F-BFFB-D9D93D8C5E48}.Release|x64.ActiveCfg = Release|x64
		{AF3E6B92-9DEA-496F-BFFB-D9D93D8C5E48}.Release|x64.Build.0 = Release|x64
		{AF3E6B92-9DEA-496F-BFFB-D9D93D8C5E48}.MinSizeRel|x64.ActiveCfg = MinSizeRel|x64
		{AF3E6B92-9DEA-496F-BFFB-D9D93D8C5E48}.MinSizeRel|x64.Build.0 = MinSizeRel|x64
		{AF3E6B92-9DEA-496F-BFFB-D9D93D8C5E48}.RelWithDebInfo|x64.ActiveCfg = RelWithDebInfo|x64
		{AF3E6B92-9DEA-496F-BFFB-D9D93D8C5E48}.RelWithDebInfo|x64.Build.0 = RelWithDebInfo|x64
		{721AB3D5-36B9-4DB9-A543-754A3F8F0138}.Debug|x64.ActiveCfg = Debug|x64
		{721AB3D5-36B9-4DB9-A543-754A3F8F0138}.Debug|x64.Build.0 = Debug|x64
		{721AB3D5-36B9-4DB9-A543-754A3F8F0138}.Release|x64.ActiveCfg = Release|x64
		{721AB3D5-36B9-4DB9-A543-754A3F8F0138}.Release|x64.Build.0 = Release|x64
		{721AB3D5-36B9-4DB9-A543-754A3F8F0138}.MinSizeRel|x64.ActiveCfg = MinSizeRel|x64
		{721AB3D5-36B9-4DB9-A543-754A3F8F0138}.MinSizeRel|x64.Build.0 = MinSizeRel|x64
		{721AB3D5-36B9-4DB9-A543-754A3F8F0138}.RelWithDebInfo|x64.ActiveCfg = RelWithDebInfo|x64
		{721AB3D5-36B9-4DB9-A543-754A3F8F0138}.RelWithDebInfo|x64.Build.0 = RelWithDebInfo|x64
		{4D8ACA0B-35B9-409C-B626-3C1DF4B68ADC}.Debug|x64.ActiveCfg = Debug|x64
		{4D8ACA0B-35B9-409C-B626-3C1DF4B68ADC}.Debug|x64.Build.0 = Debug|x64
		{4D8ACA0B-35B9-409C-B626-3C1DF4B68ADC}.Release|x64.ActiveCfg = Release|x64
		{4D8ACA0B-35B9-409C-B626-3C1DF4B68ADC}.Release|x64.Build.0 = Release|x64
		{4D8ACA0B-35B9-409C-B626-3C1DF4B68ADC}.MinSizeRel|x64.ActiveCfg = MinSizeRel|x64
		{4D8ACA0B-35B9-409C-B626-3C1DF4B68ADC}.MinSizeRel|x64.Build.0 = MinSizeRel|x64
		{4D8ACA0B-35B9-409C-B626-3C1DF4B68ADC}.RelWithDebInfo|x64.ActiveCfg = RelWithDebInfo|x64
		{4D8ACA0B-35B9-409C-B626-3C1DF4B68ADC}.RelWithDebInfo|x64.Build.0 = RelWithDebInfo|x64
		{B9700585-F39A-42AB-8E5F-246ED2A72BFC}.Debug|x64.ActiveCfg = Debug|x64
		{B9700585-F39A-42AB-8E5F-246ED2A72BFC}.Debug|x64.Build.0 = Debug|x64
		{B9700585-F39A-42AB-8E5F-246ED2A72BFC}.Release|x64.ActiveCfg = Release|x64
		{B9700585-F39A-42AB-8E5F-246ED2A72BFC}.Release|x64.Build.0 = Release|x64
		{B9700585-F39A-42AB-8E5F-246ED2A72BFC}.MinSizeRel|x64.ActiveCfg = MinSizeRel|x64
		{B9700585-F39A-42AB-8E5F-246ED2A72BFC}.MinSizeRel|x64.Build.0 = MinSizeRel|x64
		{B9700585-F39A-42AB-8E5F-246ED2A72BFC}.RelWithDebInfo|x64.ActiveCfg = RelWithDebInfo|x64
		{B9700585-F39A-42AB-8E5F-246ED2A72BFC}.RelWithDebInfo|x64.Build.0 = RelWithDebInfo|x64
		{A9FAA28A-0DE5-4133-A704-19B9B73968B3}.Debug|x64.ActiveCfg = Debug|x64
		{A9FAA28A-0DE5-4133-A704-19B9B73968B3}.Debug|x64.Build.0 = Debug|x64
		{A9FAA28A-0DE5-4133-A704-19B9B73968B3}.Release|x64.ActiveCfg = Release|x64
		{A9FAA28A-0DE5-4133-A704-19B9B73968B3}.Release|x64.Build.0 = Release|x64
		{A9FAA28A-0DE5-4133-A704-19B9B73968B3}.MinSizeRel|x64.ActiveCfg = MinSizeRel|x64
		{A9FAA28A-0DE5-4133-A704-19B9B73968B3}.MinSizeRel|x64.Build.0 = MinSizeRel|x64
		{A9FAA28A-0DE5-4133-A704-19B9B73968B3}.RelWithDebInfo|x64.ActiveCfg = RelWithDebInfo|x64
		{A9FAA28A-0DE5-4133-A704-19B9B73968B3}.RelWithDebInfo|x64.Build.0 = RelWithDebInfo|x64
		{9B3F1AFB-2A80-4127-830B-CC8EB8E1CB27}.Debug|x64.ActiveCfg = Debug|x64
		{9B3F1AFB-2A80-4127-830B-CC8EB8E1CB27}.Debug|x64.Build.0 = Debug|x64
		{9B3F1AFB-2A80-4127-830B-CC8EB8E1CB27}.Release|x64.ActiveCfg = Release|x64
		{9B3F1AFB-2A80-4127-830B-CC8EB8E1CB27}.Release|x64.Build.0 = Release|x64
		{9B3F1AFB-2A80-4127-830B-CC8EB8E1CB27}.MinSizeRel|x64.ActiveCfg = MinSizeRel|x64
		{9B3F1AFB-2A80-4127-830B-CC8EB8E1CB27}.MinSizeRel|x64.Build.0 = MinSizeRel|x64
		{9B3F1AFB-2A80-4127-830B-CC8EB8E1CB27}.RelWithDebInfo|x64.ActiveCfg = RelWithDebInfo|x64
		{9B3F1AFB-2A80-4127-830B-CC8EB8E1CB27}.RelWithDebInfo|x64.Build.0 = RelWithDebInfo|x64
		{2AB934E4-8F3B-4ACB-B764-AD1C19828B0E}.Debug|x64.ActiveCfg = Debug|x64
		{2AB934E4-8F3B-4ACB-B764-AD1C19828B0E}.Debug|x64.Build.0 = Debug|x64
		{2AB934E4-8F3B-4ACB-B764-AD1C19828B0E}.Release|x64.ActiveCfg = Release|x64
		{2AB934E4-8F3B-4ACB-B764-AD1C19828B0E}.Release|x64.Build.0 = Release|x64
		{2AB934E4-8F3B-4ACB-B764-AD1C19828B0E}.MinSizeRel|x64.ActiveCfg = MinSizeRel|x64
		{2AB934E4-8F3B-4ACB-B764-AD1C19828B0E}.MinSizeRel|x64.Build.0 = MinSizeRel|x64
		{2AB934E4-8F3B-4ACB-B764-AD1C19828B0E}.RelWithDebInfo|x64.ActiveCfg = RelWithDebInfo|x64
		{2AB934E4-8F3B-4ACB-B764-AD1C19828B0E}.RelWithDebInfo|x64.Build.0 = RelWithDebInfo|x64
		{258B7C31-D623-4782-A779-90C7E0D8EC23}.Debug|x64.ActiveCfg = Debug|x64
		{258B7C31-D623-4782-A779-90C7E0D8EC23}.Debug|x64.Build.0 = Debug|x64
		{258B7C31-D623-4782-A779-90C7E0D8EC23}.Release|x64.ActiveCfg = Release|x64
		{258B7C31-D623-4782-A779-90C7E0D8EC23}.Release|x64.Build.0 = Release|x64
		{258B7C31-D623-4782-A779-90C7E0D8EC23}.MinSizeRel|x64.ActiveCfg = MinSizeRel|x64
		{258B7C31-D623-4782-A779-90C7E0D8EC23}.MinSizeRel|x64.Build.0 = MinSizeRel|x64
		{258B7C31-D623-4782-A779-90C7E0D8EC23}.RelWithDebInfo|x64.ActiveCfg = RelWithDebInfo|x64
		{258B7C31-D623-4782-A779-90C7E0D8EC23}.RelWithDebInfo|x64.Build.0 = RelWithDebInfo|x64
		{A2A212BB-2671-45B2-96EB-380C5A9681C6}.Debug|x64.ActiveCfg = Debug|x64
		{A2A212BB-2671-45B2-96EB-380C5A9681C6}.Debug|x64.Build.0 = Debug|x64
		{A2A212BB-2671-45B2-96EB-380C5A9681C6}.Release|x64.ActiveCfg = Release|x64
		{A2A212BB-2671-45B2-96EB-380C5A9681C6}.Release|x64.Build.0 = Release|x64
		{A2A212BB-2671-45B2-96EB-380C5A9681C6}.MinSizeRel|x64.ActiveCfg = MinSizeRel|x64
		{A2A212BB-2671-45B2-96EB-380C5A9681C6}.MinSizeRel|x64.Build.0 = MinSizeRel|x64
		{A2A212BB-2671-45B2-96EB-380C5A9681C6}.RelWithDebInfo|x64.ActiveCfg = RelWithDebInfo|x64
		{A2A212BB-2671-45B2-96EB-380C5A9681C6}.RelWithDebInfo|x64.Build.0 = RelWithDebInfo|x64
	EndGlobalSection
	GlobalSection(ExtensibilityGlobals) = postSolution
	EndGlobalSection
	GlobalSection(ExtensibilityAddIns) = postSolution
	EndGlobalSection
EndGlobal
