<?xml version="1.0" encoding="UTF-8"?>
<Project ToolsVersion="12.0" xmlns="http://schemas.microsoft.com/developer/msbuild/2003">
  <ItemGroup>
    <ClCompile Include="C:\Users\dkvandyke\Source\Repos\19_SuiteSparse_Metis_for_Win\suitesparse-metis-for-windows-master\SuiteSparse\SPQR\Source\spqr_rmap.cpp">
      <Filter>Source Files</Filter>
    </ClCompile>
    <ClCompile Include="C:\Users\dkvandyke\Source\Repos\19_SuiteSparse_Metis_for_Win\suitesparse-metis-for-windows-master\SuiteSparse\SPQR\Source\SuiteSparseQR_C.cpp">
      <Filter>Source Files</Filter>
    </ClCompile>
    <ClCompile Include="C:\Users\dkvandyke\Source\Repos\19_SuiteSparse_Metis_for_Win\suitesparse-metis-for-windows-master\SuiteSparse\SPQR\Source\SuiteSparseQR_expert.cpp">
      <Filter>Source Files</Filter>
    </ClCompile>
    <ClCompile Include="C:\Users\dkvandyke\Source\Repos\19_SuiteSparse_Metis_for_Win\suitesparse-metis-for-windows-master\SuiteSparse\SPQR\Source\spqr_parallel.cpp">
      <Filter>Source Files</Filter>
    </ClCompile>
    <ClCompile Include="C:\Users\dkvandyke\Source\Repos\19_SuiteSparse_Metis_for_Win\suitesparse-metis-for-windows-master\SuiteSparse\SPQR\Source\spqr_kernel.cpp">
      <Filter>Source Files</Filter>
    </ClCompile>
    <ClCompile Include="C:\Users\dkvandyke\Source\Repos\19_SuiteSparse_Metis_for_Win\suitesparse-metis-for-windows-master\SuiteSparse\SPQR\Source\spqr_analyze.cpp">
      <Filter>Source Files</Filter>
    </ClCompile>
    <ClCompile Include="C:\Users\dkvandyke\Source\Repos\19_SuiteSparse_Metis_for_Win\suitesparse-metis-for-windows-master\SuiteSparse\SPQR\Source\spqr_assemble.cpp">
      <Filter>Source Files</Filter>
    </ClCompile>
    <ClCompile Include="C:\Users\dkvandyke\Source\Repos\19_SuiteSparse_Metis_for_Win\suitesparse-metis-for-windows-master\SuiteSparse\SPQR\Source\spqr_cpack.cpp">
      <Filter>Source Files</Filter>
    </ClCompile>
    <ClCompile Include="C:\Users\dkvandyke\Source\Repos\19_SuiteSparse_Metis_for_Win\suitesparse-metis-for-windows-master\SuiteSparse\SPQR\Source\spqr_csize.cpp">
      <Filter>Source Files</Filter>
    </ClCompile>
    <ClCompile Include="C:\Users\dkvandyke\Source\Repos\19_SuiteSparse_Metis_for_Win\suitesparse-metis-for-windows-master\SuiteSparse\SPQR\Source\spqr_fcsize.cpp">
      <Filter>Source Files</Filter>
    </ClCompile>
    <ClCompile Include="C:\Users\dkvandyke\Source\Repos\19_SuiteSparse_Metis_for_Win\suitesparse-metis-for-windows-master\SuiteSparse\SPQR\Source\spqr_debug.cpp">
      <Filter>Source Files</Filter>
    </ClCompile>
    <ClCompile Include="C:\Users\dkvandyke\Source\Repos\19_SuiteSparse_Metis_for_Win\suitesparse-metis-for-windows-master\SuiteSparse\SPQR\Source\spqr_front.cpp">
      <Filter>Source Files</Filter>
    </ClCompile>
    <ClCompile Include="C:\Users\dkvandyke\Source\Repos\19_SuiteSparse_Metis_for_Win\suitesparse-metis-for-windows-master\SuiteSparse\SPQR\Source\spqr_factorize.cpp">
      <Filter>Source Files</Filter>
    </ClCompile>
    <ClCompile Include="C:\Users\dkvandyke\Source\Repos\19_SuiteSparse_Metis_for_Win\suitesparse-metis-for-windows-master\SuiteSparse\SPQR\Source\spqr_freenum.cpp">
      <Filter>Source Files</Filter>
    </ClCompile>
    <ClCompile Include="C:\Users\dkvandyke\Source\Repos\19_SuiteSparse_Metis_for_Win\suitesparse-metis-for-windows-master\SuiteSparse\SPQR\Source\spqr_freesym.cpp">
      <Filter>Source Files</Filter>
    </ClCompile>
    <ClCompile Include="C:\Users\dkvandyke\Source\Repos\19_SuiteSparse_Metis_for_Win\suitesparse-metis-for-windows-master\SuiteSparse\SPQR\Source\spqr_freefac.cpp">
      <Filter>Source Files</Filter>
    </ClCompile>
    <ClCompile Include="C:\Users\dkvandyke\Source\Repos\19_SuiteSparse_Metis_for_Win\suitesparse-metis-for-windows-master\SuiteSparse\SPQR\Source\spqr_fsize.cpp">
      <Filter>Source Files</Filter>
    </ClCompile>
    <ClCompile Include="C:\Users\dkvandyke\Source\Repos\19_SuiteSparse_Metis_for_Win\suitesparse-metis-for-windows-master\SuiteSparse\SPQR\Source\spqr_maxcolnorm.cpp">
      <Filter>Source Files</Filter>
    </ClCompile>
    <ClCompile Include="C:\Users\dkvandyke\Source\Repos\19_SuiteSparse_Metis_for_Win\suitesparse-metis-for-windows-master\SuiteSparse\SPQR\Source\spqr_rconvert.cpp">
      <Filter>Source Files</Filter>
    </ClCompile>
    <ClCompile Include="C:\Users\dkvandyke\Source\Repos\19_SuiteSparse_Metis_for_Win\suitesparse-metis-for-windows-master\SuiteSparse\SPQR\Source\spqr_rcount.cpp">
      <Filter>Source Files</Filter>
    </ClCompile>
    <ClCompile Include="C:\Users\dkvandyke\Source\Repos\19_SuiteSparse_Metis_for_Win\suitesparse-metis-for-windows-master\SuiteSparse\SPQR\Source\spqr_rhpack.cpp">
      <Filter>Source Files</Filter>
    </ClCompile>
    <ClCompile Include="C:\Users\dkvandyke\Source\Repos\19_SuiteSparse_Metis_for_Win\suitesparse-metis-for-windows-master\SuiteSparse\SPQR\Source\spqr_rsolve.cpp">
      <Filter>Source Files</Filter>
    </ClCompile>
    <ClCompile Include="C:\Users\dkvandyke\Source\Repos\19_SuiteSparse_Metis_for_Win\suitesparse-metis-for-windows-master\SuiteSparse\SPQR\Source\spqr_stranspose1.cpp">
      <Filter>Source Files</Filter>
    </ClCompile>
    <ClCompile Include="C:\Users\dkvandyke\Source\Repos\19_SuiteSparse_Metis_for_Win\suitesparse-metis-for-windows-master\SuiteSparse\SPQR\Source\spqr_stranspose2.cpp">
      <Filter>Source Files</Filter>
    </ClCompile>
    <ClCompile Include="C:\Users\dkvandyke\Source\Repos\19_SuiteSparse_Metis_for_Win\suitesparse-metis-for-windows-master\SuiteSparse\SPQR\Source\spqr_hpinv.cpp">
      <Filter>Source Files</Filter>
    </ClCompile>
    <ClCompile Include="C:\Users\dkvandyke\Source\Repos\19_SuiteSparse_Metis_for_Win\suitesparse-metis-for-windows-master\SuiteSparse\SPQR\Source\spqr_1fixed.cpp">
      <Filter>Source Files</Filter>
    </ClCompile>
    <ClCompile Include="C:\Users\dkvandyke\Source\Repos\19_SuiteSparse_Metis_for_Win\suitesparse-metis-for-windows-master\SuiteSparse\SPQR\Source\spqr_1colamd.cpp">
      <Filter>Source Files</Filter>
    </ClCompile>
    <ClCompile Include="C:\Users\dkvandyke\Source\Repos\19_SuiteSparse_Metis_for_Win\suitesparse-metis-for-windows-master\SuiteSparse\SPQR\Source\SuiteSparseQR.cpp">
      <Filter>Source Files</Filter>
    </ClCompile>
    <ClCompile Include="C:\Users\dkvandyke\Source\Repos\19_SuiteSparse_Metis_for_Win\suitesparse-metis-for-windows-master\SuiteSparse\SPQR\Source\spqr_1factor.cpp">
      <Filter>Source Files</Filter>
    </ClCompile>
    <ClCompile Include="C:\Users\dkvandyke\Source\Repos\19_SuiteSparse_Metis_for_Win\suitesparse-metis-for-windows-master\SuiteSparse\SPQR\Source\spqr_cumsum.cpp">
      <Filter>Source Files</Filter>
    </ClCompile>
    <ClCompile Include="C:\Users\dkvandyke\Source\Repos\19_SuiteSparse_Metis_for_Win\suitesparse-metis-for-windows-master\SuiteSparse\SPQR\Source\spqr_shift.cpp">
      <Filter>Source Files</Filter>
    </ClCompile>
    <ClCompile Include="C:\Users\dkvandyke\Source\Repos\19_SuiteSparse_Metis_for_Win\suitesparse-metis-for-windows-master\SuiteSparse\SPQR\Source\spqr_happly.cpp">
      <Filter>Source Files</Filter>
    </ClCompile>
    <ClCompile Include="C:\Users\dkvandyke\Source\Repos\19_SuiteSparse_Metis_for_Win\suitesparse-metis-for-windows-master\SuiteSparse\SPQR\Source\spqr_panel.cpp">
      <Filter>Source Files</Filter>
    </ClCompile>
    <ClCompile Include="C:\Users\dkvandyke\Source\Repos\19_SuiteSparse_Metis_for_Win\suitesparse-metis-for-windows-master\SuiteSparse\SPQR\Source\spqr_happly_work.cpp">
      <Filter>Source Files</Filter>
    </ClCompile>
    <ClCompile Include="C:\Users\dkvandyke\Source\Repos\19_SuiteSparse_Metis_for_Win\suitesparse-metis-for-windows-master\SuiteSparse\SPQR\Source\SuiteSparseQR_qmult.cpp">
      <Filter>Source Files</Filter>
    </ClCompile>
    <ClCompile Include="C:\Users\dkvandyke\Source\Repos\19_SuiteSparse_Metis_for_Win\suitesparse-metis-for-windows-master\SuiteSparse\SPQR\Source\spqr_trapezoidal.cpp">
      <Filter>Source Files</Filter>
    </ClCompile>
    <ClCompile Include="C:\Users\dkvandyke\Source\Repos\19_SuiteSparse_Metis_for_Win\suitesparse-metis-for-windows-master\SuiteSparse\SPQR\Source\spqr_larftb.cpp">
      <Filter>Source Files</Filter>
    </ClCompile>
    <ClCompile Include="C:\Users\dkvandyke\Source\Repos\19_SuiteSparse_Metis_for_Win\suitesparse-metis-for-windows-master\SuiteSparse\SPQR\Source\spqr_append.cpp">
      <Filter>Source Files</Filter>
    </ClCompile>
    <ClCompile Include="C:\Users\dkvandyke\Source\Repos\19_SuiteSparse_Metis_for_Win\suitesparse-metis-for-windows-master\SuiteSparse\SPQR\Source\spqr_type.cpp">
      <Filter>Source Files</Filter>
    </ClCompile>
    <ClCompile Include="C:\Users\dkvandyke\Source\Repos\19_SuiteSparse_Metis_for_Win\suitesparse-metis-for-windows-master\SuiteSparse\SPQR\Source\spqr_tol.cpp">
      <Filter>Source Files</Filter>
    </ClCompile>
  </ItemGroup>
  <ItemGroup>
    <ClInclude Include="C:\Users\dkvandyke\Source\Repos\19_SuiteSparse_Metis_for_Win\suitesparse-metis-for-windows-master\SuiteSparse\SPQR\Include\spqr.hpp">
      <Filter>Header Files</Filter>
    </ClInclude>
    <ClInclude Include="C:\Users\dkvandyke\Source\Repos\19_SuiteSparse_Metis_for_Win\suitesparse-metis-for-windows-master\SuiteSparse\SPQR\Include\spqrgpu.hpp">
      <Filter>Header Files</Filter>
    </ClInclude>
    <ClInclude Include="C:\Users\dkvandyke\Source\Repos\19_SuiteSparse_Metis_for_Win\suitesparse-metis-for-windows-master\SuiteSparse\SPQR\Include\SuiteSparseQR.hpp">
      <Filter>Header Files</Filter>
    </ClInclude>
    <ClInclude Include="C:\Users\dkvandyke\Source\Repos\19_SuiteSparse_Metis_for_Win\suitesparse-metis-for-windows-master\SuiteSparse\SPQR\Include\SuiteSparseQR_C.h">
      <Filter>Header Files</Filter>
    </ClInclude>
    <ClInclude Include="C:\Users\dkvandyke\Source\Repos\19_SuiteSparse_Metis_for_Win\suitesparse-metis-for-windows-master\SuiteSparse\SPQR\Include\SuiteSparseQR_definitions.h">
      <Filter>Header Files</Filter>
    </ClInclude>
  </ItemGroup>
  <ItemGroup>
    <CustomBuild Include="C:\Users\dkvandyke\Source\Repos\19_SuiteSparse_Metis_for_Win\suitesparse-metis-for-windows-master\SuiteSparse\SPQR\CMakeLists.txt" />
  </ItemGroup>
  <ItemGroup>
    <Filter Include="Source Files">
      <UniqueIdentifier>{AB0AB967-DD98-4968-A8C6-B38C16D5897B}</UniqueIdentifier>
    </Filter>
    <Filter Include="Header Files">
      <UniqueIdentifier>{A2D11511-AE20-4B62-BAD2-AAB999A17875}</UniqueIdentifier>
    </Filter>
  </ItemGroup>
</Project>
