<?xml version="1.0" encoding="UTF-8"?>
<Project ToolsVersion="12.0" xmlns="http://schemas.microsoft.com/developer/msbuild/2003">
  <ItemGroup>
    <CustomBuild Include="C:\Users\dkvandyke\Source\Repos\19_SuiteSparse_Metis_for_Win\suitesparse-metis-for-windows-master\build_cuda55_vs2013\CMakeFiles\3d974dd6f5c859c71366e125b4203a58\INSTALL_force.rule">
      <Filter>CMake Rules</Filter>
    </CustomBuild>
  </ItemGroup>
  <ItemGroup>
    <Filter Include="CMake Rules">
      <UniqueIdentifier>{D0A680D4-361A-42CD-85BB-BB578A726EE0}</UniqueIdentifier>
    </Filter>
  </ItemGroup>
</Project>
